
Microsoft Visual Studio Solution File, Format Version 11.00
# Visual Studio 2010
Project("{FAE04EC0-301F-11D3-BF4B-00C04F79EFBC}") = "MonoCache", "MonoCache\MonoCache.csproj", "{B9962AB2-D12B-4AF7-BEF9-7D0600647DBA}"
EndProject
Project("{FAE04EC0-301F-11D3-BF4B-00C04F79EFBC}") = "MonoCache.IOS", "MonoCache.IOS\MonoCache.IOS.csproj", "{8B5DDAAD-912F-4B03-9BF9-D1334A5E8613}"
EndProject
Project("{FAE04EC0-301F-11D3-BF4B-00C04F79EFBC}") = "MonoCache.ANDROID", "MonoCache.ANDROID\MonoCache.ANDROID.csproj", "{92CBBC11-CA25-4254-878F-25421FC69BF9}"
EndProject
Project("{2150E333-8FDC-42A3-9474-1A3956D46DE8}") = "Dependencies", "Dependencies", "{98BF1453-FE35-454F-A531-9456FC087AC5}"
EndProject
Project("{FAE04EC0-301F-11D3-BF4B-00C04F79EFBC}") = "MD5", "Dependencies\MD5\MD5.csproj", "{A6F91AC0-670F-4B98-A88C-F4F8B8BA391F}"
EndProject
Global
	GlobalSection(SolutionConfigurationPlatforms) = preSolution
		Debug|Any CPU = Debug|Any CPU
		Release|Any CPU = Release|Any CPU
	EndGlobalSection
	GlobalSection(ProjectConfigurationPlatforms) = postSolution
		{8B5DDAAD-912F-4B03-9BF9-D1334A5E8613}.Debug|Any CPU.ActiveCfg = Debug|Any CPU
		{8B5DDAAD-912F-4B03-9BF9-D1334A5E8613}.Debug|Any CPU.Build.0 = Debug|Any CPU
		{8B5DDAAD-912F-4B03-9BF9-D1334A5E8613}.Release|Any CPU.ActiveCfg = Release|Any CPU
		{8B5DDAAD-912F-4B03-9BF9-D1334A5E8613}.Release|Any CPU.Build.0 = Release|Any CPU
		{92CBBC11-CA25-4254-878F-25421FC69BF9}.Debug|Any CPU.ActiveCfg = Debug|Any CPU
		{92CBBC11-CA25-4254-878F-25421FC69BF9}.Debug|Any CPU.Build.0 = Debug|Any CPU
		{92CBBC11-CA25-4254-878F-25421FC69BF9}.Release|Any CPU.ActiveCfg = Release|Any CPU
		{92CBBC11-CA25-4254-878F-25421FC69BF9}.Release|Any CPU.Build.0 = Release|Any CPU
		{A6F91AC0-670F-4B98-A88C-F4F8B8BA391F}.Debug|Any CPU.ActiveCfg = Debug|Any CPU
		{A6F91AC0-670F-4B98-A88C-F4F8B8BA391F}.Debug|Any CPU.Build.0 = Debug|Any CPU
		{A6F91AC0-670F-4B98-A88C-F4F8B8BA391F}.Release|Any CPU.ActiveCfg = Release|Any CPU
		{A6F91AC0-670F-4B98-A88C-F4F8B8BA391F}.Release|Any CPU.Build.0 = Release|Any CPU
		{B9962AB2-D12B-4AF7-BEF9-7D0600647DBA}.Debug|Any CPU.ActiveCfg = Debug|Any CPU
		{B9962AB2-D12B-4AF7-BEF9-7D0600647DBA}.Debug|Any CPU.Build.0 = Debug|Any CPU
		{B9962AB2-D12B-4AF7-BEF9-7D0600647DBA}.Release|Any CPU.ActiveCfg = Release|Any CPU
		{B9962AB2-D12B-4AF7-BEF9-7D0600647DBA}.Release|Any CPU.Build.0 = Release|Any CPU
	EndGlobalSection
	GlobalSection(NestedProjects) = preSolution
		{A6F91AC0-670F-4B98-A88C-F4F8B8BA391F} = {98BF1453-FE35-454F-A531-9456FC087AC5}
	EndGlobalSection
	GlobalSection(MonoDevelopProperties) = preSolution
		StartupItem = MonoCache\MonoCache.csproj
	EndGlobalSection
EndGlobal
